
Microsoft Visual Studio Solution File, Format Version 12.00
# Visual Studio Version 16
VisualStudioVersion = 16.0.31910.168
MinimumVisualStudioVersion = 10.0.40219.1
Project("{FAE04EC0-301F-11D3-BF4B-00C04F79EFBC}") = "AZUS_Transport", "AZUS_Transport\AZUS_Transport.csproj", "{DBF6E721-6967-45DF-8A52-A06BD30A5591}"
EndProject
Global
	GlobalSection(SolutionConfigurationPlatforms) = preSolution
		Debug|Any CPU = Debug|Any CPU
		Release|Any CPU = Release|Any CPU
	EndGlobalSection
	GlobalSection(ProjectConfigurationPlatforms) = postSolution
		{DBF6E721-6967-45DF-8A52-A06BD30A5591}.Debug|Any CPU.ActiveCfg = Debug|Any CPU
		{DBF6E721-6967-45DF-8A52-A06BD30A5591}.Debug|Any CPU.Build.0 = Debug|Any CPU
		{DBF6E721-6967-45DF-8A52-A06BD30A5591}.Release|Any CPU.ActiveCfg = Release|Any CPU
		{DBF6E721-6967-45DF-8A52-A06BD30A5591}.Release|Any CPU.Build.0 = Release|Any CPU
	EndGlobalSection
	GlobalSection(SolutionProperties) = preSolution
		HideSolutionNode = FALSE
	EndGlobalSection
	GlobalSection(ExtensibilityGlobals) = postSolution
		SolutionGuid = {2F0EF0D1-87EB-4D06-8077-84C869D64BE3}
	EndGlobalSection
EndGlobal
